{
    "_readme": [
        "This file locks the dependencies of your project to a known state",
        "Read more about it at https://getcomposer.org/doc/01-basic-usage.md#composer-lock-the-lock-file",
        "This file is @generated automatically"
    ],
    "hash": "d46a9f3fed3ebe49604b23db0ba36d03",
    "content-hash": "b7d85c4334c79a74f72e3b198cf517cf",
    "packages": [
        {
            "name": "lyranetwork/krypton-php-sdk",
            "version": "3.0.6",
            "source": {
                "type": "git",
                "url": "https://github.com/LyraNetwork/krypton-php-sdk.git",
                "reference": "d860ee708a42668f7259e5fc51fa9b2d5c5701b8"
            },
            "dist": {
                "type": "zip",
                "url": "https://api.github.com/repos/LyraNetwork/krypton-php-sdk/zipball/d860ee708a42668f7259e5fc51fa9b2d5c5701b8",
                "reference": "d860ee708a42668f7259e5fc51fa9b2d5c5701b8",
                "shasum": ""
            },
            "require": {
                "ext-curl": "*",
                "ext-json": "*",
                "php": ">=5.3.3"
            },
            "require-dev": {
                "phpunit/phpunit": "4.1.*"
            },
            "type": "library",
            "autoload": {
                "psr-4": {
                    "": "src/"
                }
            },
            "notification-url": "https://packagist.org/downloads/",
            "license": [
                "MIT"
            ],
            "description": "Lyra Network PHP SDK",
            "keywords": [
                "api",
                "creditcard",
                "lyra network",
                "payment",
                "sdk"
            ],
            "time": "2017-05-15 13:16:36"
        }
    ],
    "packages-dev": [],
    "aliases": [],
    "minimum-stability": "stable",
    "stability-flags": [],
    "prefer-stable": true,
    "prefer-lowest": false,
    "platform": {
        "php": ">=5.3.3"
    },
    "platform-dev": []
}
