{
    "_readme": [
        "This file locks the dependencies of your project to a known state",
        "Read more about it at https://getcomposer.org/doc/01-basic-usage.md#composer-lock-the-lock-file",
        "This file is @generated automatically"
    ],
    "hash": "c3eaa3c778564ff1af5b5fb83c6fcc30",
    "content-hash": "39c4b9eaf446a406bbebcd7cce268048",
    "packages": [
        {
            "name": "lyranetwork/krypton-php-sdk",
            "version": "dev-master",
            "source": {
                "type": "git",
                "url": "https://github.com/LyraNetwork/krypton-php-sdk.git",
                "reference": "2c7e7e56e7d70aba19fe074a100e7683d0666912"
            },
            "dist": {
                "type": "zip",
                "url": "https://api.github.com/repos/LyraNetwork/krypton-php-sdk/zipball/2c7e7e56e7d70aba19fe074a100e7683d0666912",
                "reference": "2c7e7e56e7d70aba19fe074a100e7683d0666912",
                "shasum": ""
            },
            "require": {
                "ext-json": "*",
                "php": ">=5.3.3"
            },
            "require-dev": {
                "phpunit/phpunit": "4.1.*"
            },
            "suggest": {
                "ext-curl": "*"
            },
            "type": "library",
            "autoload": {
                "psr-4": {
                    "": "src/"
                }
            },
            "notification-url": "https://packagist.org/downloads/",
            "license": [
                "MIT"
            ],
            "description": "Lyra Network PHP SDK",
            "keywords": [
                "api",
                "creditcard",
                "lyra network",
                "payment",
                "sdk"
            ],
            "time": "2018-02-06 10:30:05"
        }
    ],
    "packages-dev": [],
    "aliases": [],
    "minimum-stability": "stable",
    "stability-flags": {
        "lyranetwork/krypton-php-sdk": 20
    },
    "prefer-stable": true,
    "prefer-lowest": false,
    "platform": {
        "php": ">=5.3.3"
    },
    "platform-dev": []
}
